
Microsoft Visual Studio Solution File, Format Version 12.00
# Visual Studio Version 17
VisualStudioVersion = 17.9.34622.214
MinimumVisualStudioVersion = 10.0.40219.1
Project("{FAE04EC0-301F-11D3-BF4B-00C04F79EFBC}") = "velvetauth_winforms", "velvetauth_winforms\velvetauth_winforms.csproj", "{6AEC7CC6-CBE2-4230-9229-94233DF845F3}"
EndProject
Global
	GlobalSection(SolutionConfigurationPlatforms) = preSolution
		Debug|Any CPU = Debug|Any CPU
		Release|Any CPU = Release|Any CPU
	EndGlobalSection
	GlobalSection(ProjectConfigurationPlatforms) = postSolution
		{6AEC7CC6-CBE2-4230-9229-94233DF845F3}.Debug|Any CPU.ActiveCfg = Debug|Any CPU
		{6AEC7CC6-CBE2-4230-9229-94233DF845F3}.Debug|Any CPU.Build.0 = Debug|Any CPU
		{6AEC7CC6-CBE2-4230-9229-94233DF845F3}.Release|Any CPU.ActiveCfg = Release|Any CPU
		{6AEC7CC6-CBE2-4230-9229-94233DF845F3}.Release|Any CPU.Build.0 = Release|Any CPU
	EndGlobalSection
	GlobalSection(SolutionProperties) = preSolution
		HideSolutionNode = FALSE
	EndGlobalSection
	GlobalSection(ExtensibilityGlobals) = postSolution
		SolutionGuid = {AF4801B1-7911-425C-AAC5-9D0018BAB11F}
	EndGlobalSection
EndGlobal
